// !$*UTF8*$!
{
	archiveVersion = 1;
	classes = {
	};
	objectVersion = 50;
	objects = {

/* Begin PBXBuildFile section */
		677354232622E1A4003F0EA8 /* MainView.swift in Sources */ = {isa = PBXBuildFile; fileRef = 677354222622E1A3003F0EA8 /* MainView.swift */; };
		6773542B2622F2C9003F0EA8 /* MakeRoomView.swift in Sources */ = {isa = PBXBuildFile; fileRef = 6773542A2622F2C9003F0EA8 /* MakeRoomView.swift */; };
		6773543926232003003F0EA8 /* HomeRow.swift in Sources */ = {isa = PBXBuildFile; fileRef = 6773543826232002003F0EA8 /* HomeRow.swift */; };
		677354412623210A003F0EA8 /* Room.swift in Sources */ = {isa = PBXBuildFile; fileRef = 677354402623210A003F0EA8 /* Room.swift */; };
		6773544C26233D12003F0EA8 /* PaymentView.swift in Sources */ = {isa = PBXBuildFile; fileRef = 6773544B26233D04003F0EA8 /* PaymentView.swift */; };
		679F03022621CBDE00FD0223 /* CoDeliApp.swift in Sources */ = {isa = PBXBuildFile; fileRef = 679F03012621CBDE00FD0223 /* CoDeliApp.swift */; };
		679F03042621CBDE00FD0223 /* SignInView.swift in Sources */ = {isa = PBXBuildFile; fileRef = 679F03032621CBDE00FD0223 /* SignInView.swift */; };
		679F03062621CBEB00FD0223 /* Assets.xcassets in Resources */ = {isa = PBXBuildFile; fileRef = 679F03052621CBEB00FD0223 /* Assets.xcassets */; };
		679F03092621CBEB00FD0223 /* Preview Assets.xcassets in Resources */ = {isa = PBXBuildFile; fileRef = 679F03082621CBEB00FD0223 /* Preview Assets.xcassets */; };
		679F03142621CBF300FD0223 /* CoDeliTests.swift in Sources */ = {isa = PBXBuildFile; fileRef = 679F03132621CBF300FD0223 /* CoDeliTests.swift */; };
		679F031F2621CBF400FD0223 /* CoDeliUITests.swift in Sources */ = {isa = PBXBuildFile; fileRef = 679F031E2621CBF400FD0223 /* CoDeliUITests.swift */; };
		67CCCAA826220696008DF161 /* SignUpView.swift in Sources */ = {isa = PBXBuildFile; fileRef = 67CCCAA726220696008DF161 /* SignUpView.swift */; };
		67CCCAAD262206A8008DF161 /* HomeView.swift in Sources */ = {isa = PBXBuildFile; fileRef = 67CCCAAC262206A8008DF161 /* HomeView.swift */; };
		67CCCAB2262206B9008DF161 /* ChatView.swift in Sources */ = {isa = PBXBuildFile; fileRef = 67CCCAB1262206B9008DF161 /* ChatView.swift */; };
		67CCCAB7262206C5008DF161 /* MyView.swift in Sources */ = {isa = PBXBuildFile; fileRef = 67CCCAB6262206C5008DF161 /* MyView.swift */; };
/* End PBXBuildFile section */

/* Begin PBXContainerItemProxy section */
		679F03102621CBF300FD0223 /* PBXContainerItemProxy */ = {
			isa = PBXContainerItemProxy;
			containerPortal = 679F02F62621CBDD00FD0223 /* Project object */;
			proxyType = 1;
			remoteGlobalIDString = 679F02FD2621CBDE00FD0223;
			remoteInfo = CoDeli;
		};
		679F031B2621CBF400FD0223 /* PBXContainerItemProxy */ = {
			isa = PBXContainerItemProxy;
			containerPortal = 679F02F62621CBDD00FD0223 /* Project object */;
			proxyType = 1;
			remoteGlobalIDString = 679F02FD2621CBDE00FD0223;
			remoteInfo = CoDeli;
		};
/* End PBXContainerItemProxy section */

/* Begin PBXFileReference section */
		677354222622E1A3003F0EA8 /* MainView.swift */ = {isa = PBXFileReference; lastKnownFileType = sourcecode.swift; path = MainView.swift; sourceTree = "<group>"; };
		6773542A2622F2C9003F0EA8 /* MakeRoomView.swift */ = {isa = PBXFileReference; lastKnownFileType = sourcecode.swift; path = MakeRoomView.swift; sourceTree = "<group>"; };
		6773543826232002003F0EA8 /* HomeRow.swift */ = {isa = PBXFileReference; lastKnownFileType = sourcecode.swift; path = HomeRow.swift; sourceTree = "<group>"; };
		677354402623210A003F0EA8 /* Room.swift */ = {isa = PBXFileReference; lastKnownFileType = sourcecode.swift; path = Room.swift; sourceTree = "<group>"; };
		6773544B26233D04003F0EA8 /* PaymentView.swift */ = {isa = PBXFileReference; lastKnownFileType = sourcecode.swift; path = PaymentView.swift; sourceTree = "<group>"; };
		679F02FE2621CBDE00FD0223 /* CoDeli.app */ = {isa = PBXFileReference; explicitFileType = wrapper.application; includeInIndex = 0; path = CoDeli.app; sourceTree = BUILT_PRODUCTS_DIR; };
		679F03012621CBDE00FD0223 /* CoDeliApp.swift */ = {isa = PBXFileReference; lastKnownFileType = sourcecode.swift; path = CoDeliApp.swift; sourceTree = "<group>"; };
		679F03032621CBDE00FD0223 /* SignInView.swift */ = {isa = PBXFileReference; lastKnownFileType = sourcecode.swift; path = SignInView.swift; sourceTree = "<group>"; };
		679F03052621CBEB00FD0223 /* Assets.xcassets */ = {isa = PBXFileReference; lastKnownFileType = folder.assetcatalog; path = Assets.xcassets; sourceTree = "<group>"; };
		679F03082621CBEB00FD0223 /* Preview Assets.xcassets */ = {isa = PBXFileReference; lastKnownFileType = folder.assetcatalog; path = "Preview Assets.xcassets"; sourceTree = "<group>"; };
		679F030A2621CBEB00FD0223 /* Info.plist */ = {isa = PBXFileReference; lastKnownFileType = text.plist.xml; path = Info.plist; sourceTree = "<group>"; };
		679F030F2621CBF300FD0223 /* CoDeliTests.xctest */ = {isa = PBXFileReference; explicitFileType = wrapper.cfbundle; includeInIndex = 0; path = CoDeliTests.xctest; sourceTree = BUILT_PRODUCTS_DIR; };
		679F03132621CBF300FD0223 /* CoDeliTests.swift */ = {isa = PBXFileReference; lastKnownFileType = sourcecode.swift; path = CoDeliTests.swift; sourceTree = "<group>"; };
		679F03152621CBF300FD0223 /* Info.plist */ = {isa = PBXFileReference; lastKnownFileType = text.plist.xml; path = Info.plist; sourceTree = "<group>"; };
		679F031A2621CBF400FD0223 /* CoDeliUITests.xctest */ = {isa = PBXFileReference; explicitFileType = wrapper.cfbundle; includeInIndex = 0; path = CoDeliUITests.xctest; sourceTree = BUILT_PRODUCTS_DIR; };
		679F031E2621CBF400FD0223 /* CoDeliUITests.swift */ = {isa = PBXFileReference; lastKnownFileType = sourcecode.swift; path = CoDeliUITests.swift; sourceTree = "<group>"; };
		679F03202621CBF400FD0223 /* Info.plist */ = {isa = PBXFileReference; lastKnownFileType = text.plist.xml; path = Info.plist; sourceTree = "<group>"; };
		67CCCAA726220696008DF161 /* SignUpView.swift */ = {isa = PBXFileReference; lastKnownFileType = sourcecode.swift; path = SignUpView.swift; sourceTree = "<group>"; };
		67CCCAAC262206A8008DF161 /* HomeView.swift */ = {isa = PBXFileReference; lastKnownFileType = sourcecode.swift; path = HomeView.swift; sourceTree = "<group>"; };
		67CCCAB1262206B9008DF161 /* ChatView.swift */ = {isa = PBXFileReference; lastKnownFileType = sourcecode.swift; path = ChatView.swift; sourceTree = "<group>"; };
		67CCCAB6262206C5008DF161 /* MyView.swift */ = {isa = PBXFileReference; lastKnownFileType = sourcecode.swift; path = MyView.swift; sourceTree = "<group>"; };
/* End PBXFileReference section */

/* Begin PBXFrameworksBuildPhase section */
		679F02FB2621CBDE00FD0223 /* Frameworks */ = {
			isa = PBXFrameworksBuildPhase;
			buildActionMask = 2147483647;
			files = (
			);
			runOnlyForDeploymentPostprocessing = 0;
		};
		679F030C2621CBF300FD0223 /* Frameworks */ = {
			isa = PBXFrameworksBuildPhase;
			buildActionMask = 2147483647;
			files = (
			);
			runOnlyForDeploymentPostprocessing = 0;
		};
		679F03172621CBF300FD0223 /* Frameworks */ = {
			isa = PBXFrameworksBuildPhase;
			buildActionMask = 2147483647;
			files = (
			);
			runOnlyForDeploymentPostprocessing = 0;
		};
/* End PBXFrameworksBuildPhase section */

/* Begin PBXGroup section */
		679F02F52621CBDD00FD0223 = {
			isa = PBXGroup;
			children = (
				679F03002621CBDE00FD0223 /* CoDeli */,
				679F03122621CBF300FD0223 /* CoDeliTests */,
				679F031D2621CBF400FD0223 /* CoDeliUITests */,
				679F02FF2621CBDE00FD0223 /* Products */,
			);
			sourceTree = "<group>";
		};
		679F02FF2621CBDE00FD0223 /* Products */ = {
			isa = PBXGroup;
			children = (
				679F02FE2621CBDE00FD0223 /* CoDeli.app */,
				679F030F2621CBF300FD0223 /* CoDeliTests.xctest */,
				679F031A2621CBF400FD0223 /* CoDeliUITests.xctest */,
			);
			name = Products;
			sourceTree = "<group>";
		};
		679F03002621CBDE00FD0223 /* CoDeli */ = {
			isa = PBXGroup;
			children = (
				679F03012621CBDE00FD0223 /* CoDeliApp.swift */,
				67CCCA7C262201ED008DF161 /* Views */,
				67CCCA7D2622020B008DF161 /* Model */,
				679F03052621CBEB00FD0223 /* Assets.xcassets */,
				679F030A2621CBEB00FD0223 /* Info.plist */,
				679F03072621CBEB00FD0223 /* Preview Content */,
			);
			path = CoDeli;
			sourceTree = "<group>";
		};
		679F03072621CBEB00FD0223 /* Preview Content */ = {
			isa = PBXGroup;
			children = (
				679F03082621CBEB00FD0223 /* Preview Assets.xcassets */,
			);
			path = "Preview Content";
			sourceTree = "<group>";
		};
		679F03122621CBF300FD0223 /* CoDeliTests */ = {
			isa = PBXGroup;
			children = (
				679F03132621CBF300FD0223 /* CoDeliTests.swift */,
				679F03152621CBF300FD0223 /* Info.plist */,
			);
			path = CoDeliTests;
			sourceTree = "<group>";
		};
		679F031D2621CBF400FD0223 /* CoDeliUITests */ = {
			isa = PBXGroup;
			children = (
				679F031E2621CBF400FD0223 /* CoDeliUITests.swift */,
				679F03202621CBF400FD0223 /* Info.plist */,
			);
			path = CoDeliUITests;
			sourceTree = "<group>";
		};
		67CCCA7C262201ED008DF161 /* Views */ = {
			isa = PBXGroup;
			children = (
				679F03032621CBDE00FD0223 /* SignInView.swift */,
				67CCCAA726220696008DF161 /* SignUpView.swift */,
				677354222622E1A3003F0EA8 /* MainView.swift */,
				67CCCAAC262206A8008DF161 /* HomeView.swift */,
				6773543826232002003F0EA8 /* HomeRow.swift */,
				6773542A2622F2C9003F0EA8 /* MakeRoomView.swift */,
				67CCCAB1262206B9008DF161 /* ChatView.swift */,
				67CCCAB6262206C5008DF161 /* MyView.swift */,
				6773544B26233D04003F0EA8 /* PaymentView.swift */,
			);
			path = Views;
			sourceTree = "<group>";
		};
		67CCCA7D2622020B008DF161 /* Model */ = {
			isa = PBXGroup;
			children = (
				677354402623210A003F0EA8 /* Room.swift */,
			);
			path = Model;
			sourceTree = "<group>";
		};
/* End PBXGroup section */

/* Begin PBXNativeTarget section */
		679F02FD2621CBDE00FD0223 /* CoDeli */ = {
			isa = PBXNativeTarget;
			buildConfigurationList = 679F03232621CBF400FD0223 /* Build configuration list for PBXNativeTarget "CoDeli" */;
			buildPhases = (
				679F02FA2621CBDE00FD0223 /* Sources */,
				679F02FB2621CBDE00FD0223 /* Frameworks */,
				679F02FC2621CBDE00FD0223 /* Resources */,
			);
			buildRules = (
			);
			dependencies = (
			);
			name = CoDeli;
			productName = CoDeli;
			productReference = 679F02FE2621CBDE00FD0223 /* CoDeli.app */;
			productType = "com.apple.product-type.application";
		};
		679F030E2621CBF300FD0223 /* CoDeliTests */ = {
			isa = PBXNativeTarget;
			buildConfigurationList = 679F03262621CBF400FD0223 /* Build configuration list for PBXNativeTarget "CoDeliTests" */;
			buildPhases = (
				679F030B2621CBF300FD0223 /* Sources */,
				679F030C2621CBF300FD0223 /* Frameworks */,
				679F030D2621CBF300FD0223 /* Resources */,
			);
			buildRules = (
			);
			dependencies = (
				679F03112621CBF300FD0223 /* PBXTargetDependency */,
			);
			name = CoDeliTests;
			productName = CoDeliTests;
			productReference = 679F030F2621CBF300FD0223 /* CoDeliTests.xctest */;
			productType = "com.apple.product-type.bundle.unit-test";
		};
		679F03192621CBF300FD0223 /* CoDeliUITests */ = {
			isa = PBXNativeTarget;
			buildConfigurationList = 679F03292621CBF400FD0223 /* Build configuration list for PBXNativeTarget "CoDeliUITests" */;
			buildPhases = (
				679F03162621CBF300FD0223 /* Sources */,
				679F03172621CBF300FD0223 /* Frameworks */,
				679F03182621CBF300FD0223 /* Resources */,
			);
			buildRules = (
			);
			dependencies = (
				679F031C2621CBF400FD0223 /* PBXTargetDependency */,
			);
			name = CoDeliUITests;
			productName = CoDeliUITests;
			productReference = 679F031A2621CBF400FD0223 /* CoDeliUITests.xctest */;
			productType = "com.apple.product-type.bundle.ui-testing";
		};
/* End PBXNativeTarget section */

/* Begin PBXProject section */
		679F02F62621CBDD00FD0223 /* Project object */ = {
			isa = PBXProject;
			attributes = {
				LastSwiftUpdateCheck = 1240;
				LastUpgradeCheck = 1240;
				TargetAttributes = {
					679F02FD2621CBDE00FD0223 = {
						CreatedOnToolsVersion = 12.4;
					};
					679F030E2621CBF300FD0223 = {
						CreatedOnToolsVersion = 12.4;
						TestTargetID = 679F02FD2621CBDE00FD0223;
					};
					679F03192621CBF300FD0223 = {
						CreatedOnToolsVersion = 12.4;
						TestTargetID = 679F02FD2621CBDE00FD0223;
					};
				};
			};
			buildConfigurationList = 679F02F92621CBDE00FD0223 /* Build configuration list for PBXProject "CoDeli" */;
			compatibilityVersion = "Xcode 9.3";
			developmentRegion = en;
			hasScannedForEncodings = 0;
			knownRegions = (
				en,
				Base,
			);
			mainGroup = 679F02F52621CBDD00FD0223;
			productRefGroup = 679F02FF2621CBDE00FD0223 /* Products */;
			projectDirPath = "";
			projectRoot = "";
			targets = (
				679F02FD2621CBDE00FD0223 /* CoDeli */,
				679F030E2621CBF300FD0223 /* CoDeliTests */,
				679F03192621CBF300FD0223 /* CoDeliUITests */,
			);
		};
/* End PBXProject section */

/* Begin PBXResourcesBuildPhase section */
		679F02FC2621CBDE00FD0223 /* Resources */ = {
			isa = PBXResourcesBuildPhase;
			buildActionMask = 2147483647;
			files = (
				679F03092621CBEB00FD0223 /* Preview Assets.xcassets in Resources */,
				679F03062621CBEB00FD0223 /* Assets.xcassets in Resources */,
			);
			runOnlyForDeploymentPostprocessing = 0;
		};
		679F030D2621CBF300FD0223 /* Resources */ = {
			isa = PBXResourcesBuildPhase;
			buildActionMask = 2147483647;
			files = (
			);
			runOnlyForDeploymentPostprocessing = 0;
		};
		679F03182621CBF300FD0223 /* Resources */ = {
			isa = PBXResourcesBuildPhase;
			buildActionMask = 2147483647;
			files = (
			);
			runOnlyForDeploymentPostprocessing = 0;
		};
/* End PBXResourcesBuildPhase section */

/* Begin PBXSourcesBuildPhase section */
		679F02FA2621CBDE00FD0223 /* Sources */ = {
			isa = PBXSourcesBuildPhase;
			buildActionMask = 2147483647;
			files = (
				6773543926232003003F0EA8 /* HomeRow.swift in Sources */,
				6773544C26233D12003F0EA8 /* PaymentView.swift in Sources */,
				67CCCAB7262206C5008DF161 /* MyView.swift in Sources */,
				677354232622E1A4003F0EA8 /* MainView.swift in Sources */,
				679F03042621CBDE00FD0223 /* SignInView.swift in Sources */,
				677354412623210A003F0EA8 /* Room.swift in Sources */,
				67CCCAAD262206A8008DF161 /* HomeView.swift in Sources */,
				6773542B2622F2C9003F0EA8 /* MakeRoomView.swift in Sources */,
				67CCCAB2262206B9008DF161 /* ChatView.swift in Sources */,
				67CCCAA826220696008DF161 /* SignUpView.swift in Sources */,
				679F03022621CBDE00FD0223 /* CoDeliApp.swift in Sources */,
			);
			runOnlyForDeploymentPostprocessing = 0;
		};
		679F030B2621CBF300FD0223 /* Sources */ = {
			isa = PBXSourcesBuildPhase;
			buildActionMask = 2147483647;
			files = (
				679F03142621CBF300FD0223 /* CoDeliTests.swift in Sources */,
			);
			runOnlyForDeploymentPostprocessing = 0;
		};
		679F03162621CBF300FD0223 /* Sources */ = {
			isa = PBXSourcesBuildPhase;
			buildActionMask = 2147483647;
			files = (
				679F031F2621CBF400FD0223 /* CoDeliUITests.swift in Sources */,
			);
			runOnlyForDeploymentPostprocessing = 0;
		};
/* End PBXSourcesBuildPhase section */

/* Begin PBXTargetDependency section */
		679F03112621CBF300FD0223 /* PBXTargetDependency */ = {
			isa = PBXTargetDependency;
			target = 679F02FD2621CBDE00FD0223 /* CoDeli */;
			targetProxy = 679F03102621CBF300FD0223 /* PBXContainerItemProxy */;
		};
		679F031C2621CBF400FD0223 /* PBXTargetDependency */ = {
			isa = PBXTargetDependency;
			target = 679F02FD2621CBDE00FD0223 /* CoDeli */;
			targetProxy = 679F031B2621CBF400FD0223 /* PBXContainerItemProxy */;
		};
/* End PBXTargetDependency section */

/* Begin XCBuildConfiguration section */
		679F03212621CBF400FD0223 /* Debug */ = {
			isa = XCBuildConfiguration;
			buildSettings = {
				ALWAYS_SEARCH_USER_PATHS = NO;
				CLANG_ANALYZER_NONNULL = YES;
				CLANG_ANALYZER_NUMBER_OBJECT_CONVERSION = YES_AGGRESSIVE;
				CLANG_CXX_LANGUAGE_STANDARD = "gnu++14";
				CLANG_CXX_LIBRARY = "libc++";
				CLANG_ENABLE_MODULES = YES;
				CLANG_ENABLE_OBJC_ARC = YES;
				CLANG_ENABLE_OBJC_WEAK = YES;
				CLANG_WARN_BLOCK_CAPTURE_AUTORELEASING = YES;
				CLANG_WARN_BOOL_CONVERSION = YES;
				CLANG_WARN_COMMA = YES;
				CLANG_WARN_CONSTANT_CONVERSION = YES;
				CLANG_WARN_DEPRECATED_OBJC_IMPLEMENTATIONS = YES;
				CLANG_WARN_DIRECT_OBJC_ISA_USAGE = YES_ERROR;
				CLANG_WARN_DOCUMENTATION_COMMENTS = YES;
				CLANG_WARN_EMPTY_BODY = YES;
				CLANG_WARN_ENUM_CONVERSION = YES;
				CLANG_WARN_INFINITE_RECURSION = YES;
				CLANG_WARN_INT_CONVERSION = YES;
				CLANG_WARN_NON_LITERAL_NULL_CONVERSION = YES;
				CLANG_WARN_OBJC_IMPLICIT_RETAIN_SELF = YES;
				CLANG_WARN_OBJC_LITERAL_CONVERSION = YES;
				CLANG_WARN_OBJC_ROOT_CLASS = YES_ERROR;
				CLANG_WARN_QUOTED_INCLUDE_IN_FRAMEWORK_HEADER = YES;
				CLANG_WARN_RANGE_LOOP_ANALYSIS = YES;
				CLANG_WARN_STRICT_PROTOTYPES = YES;
				CLANG_WARN_SUSPICIOUS_MOVE = YES;
				CLANG_WARN_UNGUARDED_AVAILABILITY = YES_AGGRESSIVE;
				CLANG_WARN_UNREACHABLE_CODE = YES;
				CLANG_WARN__DUPLICATE_METHOD_MATCH = YES;
				COPY_PHASE_STRIP = NO;
				DEBUG_INFORMATION_FORMAT = dwarf;
				ENABLE_STRICT_OBJC_MSGSEND = YES;
				ENABLE_TESTABILITY = YES;
				GCC_C_LANGUAGE_STANDARD = gnu11;
				GCC_DYNAMIC_NO_PIC = NO;
				GCC_NO_COMMON_BLOCKS = YES;
				GCC_OPTIMIZATION_LEVEL = 0;
				GCC_PREPROCESSOR_DEFINITIONS = (
					"DEBUG=1",
					"$(inherited)",
				);
				GCC_WARN_64_TO_32_BIT_CONVERSION = YES;
				GCC_WARN_ABOUT_RETURN_TYPE = YES_ERROR;
				GCC_WARN_UNDECLARED_SELECTOR = YES;
				GCC_WARN_UNINITIALIZED_AUTOS = YES_AGGRESSIVE;
				GCC_WARN_UNUSED_FUNCTION = YES;
				GCC_WARN_UNUSED_VARIABLE = YES;
				IPHONEOS_DEPLOYMENT_TARGET = 14.4;
				MTL_ENABLE_DEBUG_INFO = INCLUDE_SOURCE;
				MTL_FAST_MATH = YES;
				ONLY_ACTIVE_ARCH = YES;
				SDKROOT = iphoneos;
				SWIFT_ACTIVE_COMPILATION_CONDITIONS = DEBUG;
				SWIFT_OPTIMIZATION_LEVEL = "-Onone";
			};
			name = Debug;
		};
		679F03222621CBF400FD0223 /* Release */ = {
			isa = XCBuildConfiguration;
			buildSettings = {
				ALWAYS_SEARCH_USER_PATHS = NO;
				CLANG_ANALYZER_NONNULL = YES;
				CLANG_ANALYZER_NUMBER_OBJECT_CONVERSION = YES_AGGRESSIVE;
				CLANG_CXX_LANGUAGE_STANDARD = "gnu++14";
				CLANG_CXX_LIBRARY = "libc++";
				CLANG_ENABLE_MODULES = YES;
				CLANG_ENABLE_OBJC_ARC = YES;
				CLANG_ENABLE_OBJC_WEAK = YES;
				CLANG_WARN_BLOCK_CAPTURE_AUTORELEASING = YES;
				CLANG_WARN_BOOL_CONVERSION = YES;
				CLANG_WARN_COMMA = YES;
				CLANG_WARN_CONSTANT_CONVERSION = YES;
				CLANG_WARN_DEPRECATED_OBJC_IMPLEMENTATIONS = YES;
				CLANG_WARN_DIRECT_OBJC_ISA_USAGE = YES_ERROR;
				CLANG_WARN_DOCUMENTATION_COMMENTS = YES;
				CLANG_WARN_EMPTY_BODY = YES;
				CLANG_WARN_ENUM_CONVERSION = YES;
				CLANG_WARN_INFINITE_RECURSION = YES;
				CLANG_WARN_INT_CONVERSION = YES;
				CLANG_WARN_NON_LITERAL_NULL_CONVERSION = YES;
				CLANG_WARN_OBJC_IMPLICIT_RETAIN_SELF = YES;
				CLANG_WARN_OBJC_LITERAL_CONVERSION = YES;
				CLANG_WARN_OBJC_ROOT_CLASS = YES_ERROR;
				CLANG_WARN_QUOTED_INCLUDE_IN_FRAMEWORK_HEADER = YES;
				CLANG_WARN_RANGE_LOOP_ANALYSIS = YES;
				CLANG_WARN_STRICT_PROTOTYPES = YES;
				CLANG_WARN_SUSPICIOUS_MOVE = YES;
				CLANG_WARN_UNGUARDED_AVAILABILITY = YES_AGGRESSIVE;
				CLANG_WARN_UNREACHABLE_CODE = YES;
				CLANG_WARN__DUPLICATE_METHOD_MATCH = YES;
				COPY_PHASE_STRIP = NO;
				DEBUG_INFORMATION_FORMAT = "dwarf-with-dsym";
				ENABLE_NS_ASSERTIONS = NO;
				ENABLE_STRICT_OBJC_MSGSEND = YES;
				GCC_C_LANGUAGE_STANDARD = gnu11;
				GCC_NO_COMMON_BLOCKS = YES;
				GCC_WARN_64_TO_32_BIT_CONVERSION = YES;
				GCC_WARN_ABOUT_RETURN_TYPE = YES_ERROR;
				GCC_WARN_UNDECLARED_SELECTOR = YES;
				GCC_WARN_UNINITIALIZED_AUTOS = YES_AGGRESSIVE;
				GCC_WARN_UNUSED_FUNCTION = YES;
				GCC_WARN_UNUSED_VARIABLE = YES;
				IPHONEOS_DEPLOYMENT_TARGET = 14.4;
				MTL_ENABLE_DEBUG_INFO = NO;
				MTL_FAST_MATH = YES;
				SDKROOT = iphoneos;
				SWIFT_COMPILATION_MODE = wholemodule;
				SWIFT_OPTIMIZATION_LEVEL = "-O";
				VALIDATE_PRODUCT = YES;
			};
			name = Release;
		};
		679F03242621CBF400FD0223 /* Debug */ = {
			isa = XCBuildConfiguration;
			buildSettings = {
				ASSETCATALOG_COMPILER_APPICON_NAME = AppIcon;
				ASSETCATALOG_COMPILER_GLOBAL_ACCENT_COLOR_NAME = AccentColor;
				CODE_SIGN_STYLE = Automatic;
				DEVELOPMENT_ASSET_PATHS = "\"CoDeli/Preview Content\"";
				DEVELOPMENT_TEAM = 9HB659H6D9;
				ENABLE_PREVIEWS = YES;
				INFOPLIST_FILE = CoDeli/Info.plist;
				IPHONEOS_DEPLOYMENT_TARGET = 14.0;
				LD_RUNPATH_SEARCH_PATHS = (
					"$(inherited)",
					"@executable_path/Frameworks",
				);
				PRODUCT_BUNDLE_IDENTIFIER = com.cslim.CoDeli;
				PRODUCT_NAME = "$(TARGET_NAME)";
				SWIFT_VERSION = 5.0;
				TARGETED_DEVICE_FAMILY = "1,2";
			};
			name = Debug;
		};
		679F03252621CBF400FD0223 /* Release */ = {
			isa = XCBuildConfiguration;
			buildSettings = {
				ASSETCATALOG_COMPILER_APPICON_NAME = AppIcon;
				ASSETCATALOG_COMPILER_GLOBAL_ACCENT_COLOR_NAME = AccentColor;
				CODE_SIGN_STYLE = Automatic;
				DEVELOPMENT_ASSET_PATHS = "\"CoDeli/Preview Content\"";
				DEVELOPMENT_TEAM = 9HB659H6D9;
				ENABLE_PREVIEWS = YES;
				INFOPLIST_FILE = CoDeli/Info.plist;
				IPHONEOS_DEPLOYMENT_TARGET = 14.0;
				LD_RUNPATH_SEARCH_PATHS = (
					"$(inherited)",
					"@executable_path/Frameworks",
				);
				PRODUCT_BUNDLE_IDENTIFIER = com.cslim.CoDeli;
				PRODUCT_NAME = "$(TARGET_NAME)";
				SWIFT_VERSION = 5.0;
				TARGETED_DEVICE_FAMILY = "1,2";
			};
			name = Release;
		};
		679F03272621CBF400FD0223 /* Debug */ = {
			isa = XCBuildConfiguration;
			buildSettings = {
				ALWAYS_EMBED_SWIFT_STANDARD_LIBRARIES = YES;
				BUNDLE_LOADER = "$(TEST_HOST)";
				CODE_SIGN_STYLE = Automatic;
				DEVELOPMENT_TEAM = 9HB659H6D9;
				INFOPLIST_FILE = CoDeliTests/Info.plist;
				IPHONEOS_DEPLOYMENT_TARGET = 14.0;
				LD_RUNPATH_SEARCH_PATHS = (
					"$(inherited)",
					"@executable_path/Frameworks",
					"@loader_path/Frameworks",
				);
				PRODUCT_BUNDLE_IDENTIFIER = com.cslim.CoDeliTests;
				PRODUCT_NAME = "$(TARGET_NAME)";
				SWIFT_VERSION = 5.0;
				TARGETED_DEVICE_FAMILY = "1,2";
				TEST_HOST = "$(BUILT_PRODUCTS_DIR)/CoDeli.app/CoDeli";
			};
			name = Debug;
		};
		679F03282621CBF400FD0223 /* Release */ = {
			isa = XCBuildConfiguration;
			buildSettings = {
				ALWAYS_EMBED_SWIFT_STANDARD_LIBRARIES = YES;
				BUNDLE_LOADER = "$(TEST_HOST)";
				CODE_SIGN_STYLE = Automatic;
				DEVELOPMENT_TEAM = 9HB659H6D9;
				INFOPLIST_FILE = CoDeliTests/Info.plist;
				IPHONEOS_DEPLOYMENT_TARGET = 14.0;
				LD_RUNPATH_SEARCH_PATHS = (
					"$(inherited)",
					"@executable_path/Frameworks",
					"@loader_path/Frameworks",
				);
				PRODUCT_BUNDLE_IDENTIFIER = com.cslim.CoDeliTests;
				PRODUCT_NAME = "$(TARGET_NAME)";
				SWIFT_VERSION = 5.0;
				TARGETED_DEVICE_FAMILY = "1,2";
				TEST_HOST = "$(BUILT_PRODUCTS_DIR)/CoDeli.app/CoDeli";
			};
			name = Release;
		};
		679F032A2621CBF400FD0223 /* Debug */ = {
			isa = XCBuildConfiguration;
			buildSettings = {
				ALWAYS_EMBED_SWIFT_STANDARD_LIBRARIES = YES;
				CODE_SIGN_STYLE = Automatic;
				DEVELOPMENT_TEAM = 9HB659H6D9;
				INFOPLIST_FILE = CoDeliUITests/Info.plist;
				LD_RUNPATH_SEARCH_PATHS = (
					"$(inherited)",
					"@executable_path/Frameworks",
					"@loader_path/Frameworks",
				);
				PRODUCT_BUNDLE_IDENTIFIER = com.cslim.CoDeliUITests;
				PRODUCT_NAME = "$(TARGET_NAME)";
				SWIFT_VERSION = 5.0;
				TARGETED_DEVICE_FAMILY = "1,2";
				TEST_TARGET_NAME = CoDeli;
			};
			name = Debug;
		};
		679F032B2621CBF400FD0223 /* Release */ = {
			isa = XCBuildConfiguration;
			buildSettings = {
				ALWAYS_EMBED_SWIFT_STANDARD_LIBRARIES = YES;
				CODE_SIGN_STYLE = Automatic;
				DEVELOPMENT_TEAM = 9HB659H6D9;
				INFOPLIST_FILE = CoDeliUITests/Info.plist;
				LD_RUNPATH_SEARCH_PATHS = (
					"$(inherited)",
					"@executable_path/Frameworks",
					"@loader_path/Frameworks",
				);
				PRODUCT_BUNDLE_IDENTIFIER = com.cslim.CoDeliUITests;
				PRODUCT_NAME = "$(TARGET_NAME)";
				SWIFT_VERSION = 5.0;
				TARGETED_DEVICE_FAMILY = "1,2";
				TEST_TARGET_NAME = CoDeli;
			};
			name = Release;
		};
/* End XCBuildConfiguration section */

/* Begin XCConfigurationList section */
		679F02F92621CBDE00FD0223 /* Build configuration list for PBXProject "CoDeli" */ = {
			isa = XCConfigurationList;
			buildConfigurations = (
				679F03212621CBF400FD0223 /* Debug */,
				679F03222621CBF400FD0223 /* Release */,
			);
			defaultConfigurationIsVisible = 0;
			defaultConfigurationName = Release;
		};
		679F03232621CBF400FD0223 /* Build configuration list for PBXNativeTarget "CoDeli" */ = {
			isa = XCConfigurationList;
			buildConfigurations = (
				679F03242621CBF400FD0223 /* Debug */,
				679F03252621CBF400FD0223 /* Release */,
			);
			defaultConfigurationIsVisible = 0;
			defaultConfigurationName = Release;
		};
		679F03262621CBF400FD0223 /* Build configuration list for PBXNativeTarget "CoDeliTests" */ = {
			isa = XCConfigurationList;
			buildConfigurations = (
				679F03272621CBF400FD0223 /* Debug */,
				679F03282621CBF400FD0223 /* Release */,
			);
			defaultConfigurationIsVisible = 0;
			defaultConfigurationName = Release;
		};
		679F03292621CBF400FD0223 /* Build configuration list for PBXNativeTarget "CoDeliUITests" */ = {
			isa = XCConfigurationList;
			buildConfigurations = (
				679F032A2621CBF400FD0223 /* Debug */,
				679F032B2621CBF400FD0223 /* Release */,
			);
			defaultConfigurationIsVisible = 0;
			defaultConfigurationName = Release;
		};
/* End XCConfigurationList section */
	};
	rootObject = 679F02F62621CBDD00FD0223 /* Project object */;
}
