// !$*UTF8*$!
{
	archiveVersion = 1;
	classes = {
	};
	objectVersion = 50;
	objects = {

/* Begin PBXBuildFile section */
		27100284250705DC00339A04 /* AppDelegate.swift in Sources */ = {isa = PBXBuildFile; fileRef = 27100283250705DC00339A04 /* AppDelegate.swift */; };
		27100286250705DC00339A04 /* SceneDelegate.swift in Sources */ = {isa = PBXBuildFile; fileRef = 27100285250705DC00339A04 /* SceneDelegate.swift */; };
		27100288250705DC00339A04 /* ViewController.swift in Sources */ = {isa = PBXBuildFile; fileRef = 27100287250705DC00339A04 /* ViewController.swift */; };
		2710028B250705DC00339A04 /* Main.storyboard in Resources */ = {isa = PBXBuildFile; fileRef = 27100289250705DC00339A04 /* Main.storyboard */; };
		2710028D250705DE00339A04 /* Assets.xcassets in Resources */ = {isa = PBXBuildFile; fileRef = 2710028C250705DE00339A04 /* Assets.xcassets */; };
		27100290250705DE00339A04 /* LaunchScreen.storyboard in Resources */ = {isa = PBXBuildFile; fileRef = 2710028E250705DE00339A04 /* LaunchScreen.storyboard */; };
		2710033B2508792C00339A04 /* LinkModalViewController.swift in Sources */ = {isa = PBXBuildFile; fileRef = 2710033A2508792C00339A04 /* LinkModalViewController.swift */; };
		2710033D25088DDE00339A04 /* SendKlayModalViewController.swift in Sources */ = {isa = PBXBuildFile; fileRef = 2710033C25088DDE00339A04 /* SendKlayModalViewController.swift */; };
		2710033F2508970E00339A04 /* SendTokenModalViewController.swift in Sources */ = {isa = PBXBuildFile; fileRef = 2710033E2508970E00339A04 /* SendTokenModalViewController.swift */; };
		271003412508973000339A04 /* SendCardModalViewController.swift in Sources */ = {isa = PBXBuildFile; fileRef = 271003402508973000339A04 /* SendCardModalViewController.swift */; };
		271003432508974000339A04 /* ContractExecutionModalViewController.swift in Sources */ = {isa = PBXBuildFile; fileRef = 271003422508974000339A04 /* ContractExecutionModalViewController.swift */; };
		2731F9A8250F10880018A7C0 /* KlipSDK.framework in Frameworks */ = {isa = PBXBuildFile; fileRef = 2731F9A7250F10880018A7C0 /* KlipSDK.framework */; };
		2731F9A9250F10880018A7C0 /* KlipSDK.framework in Embed Frameworks */ = {isa = PBXBuildFile; fileRef = 2731F9A7250F10880018A7C0 /* KlipSDK.framework */; settings = {ATTRIBUTES = (CodeSignOnCopy, RemoveHeadersOnCopy, ); }; };
		273FAE1525369DD000CE0EDF /* ErrorModalViewController.swift in Sources */ = {isa = PBXBuildFile; fileRef = 273FAE1425369DD000CE0EDF /* ErrorModalViewController.swift */; };
		27FC50592509EFD5009098AA /* GetResultModalViewController.swift in Sources */ = {isa = PBXBuildFile; fileRef = 27FC50582509EFD5009098AA /* GetResultModalViewController.swift */; };
		27FC5063250A22CE009098AA /* GetCardListModalViewController.swift in Sources */ = {isa = PBXBuildFile; fileRef = 27FC5062250A22CE009098AA /* GetCardListModalViewController.swift */; };
		27FC5065250A279F009098AA /* GetCardListResultViewController.swift in Sources */ = {isa = PBXBuildFile; fileRef = 27FC5064250A279F009098AA /* GetCardListResultViewController.swift */; };
/* End PBXBuildFile section */

/* Begin PBXContainerItemProxy section */
		C3FF5923251292F400C6F0D0 /* PBXContainerItemProxy */ = {
			isa = PBXContainerItemProxy;
			containerPortal = C3FF591F251292F400C6F0D0 /* KlipSDK.xcodeproj */;
			proxyType = 2;
			remoteGlobalIDString = 278200FC2505C13400C773EB;
			remoteInfo = KlipSDK;
		};
		C3FF59252512930000C6F0D0 /* PBXContainerItemProxy */ = {
			isa = PBXContainerItemProxy;
			containerPortal = C3FF591F251292F400C6F0D0 /* KlipSDK.xcodeproj */;
			proxyType = 1;
			remoteGlobalIDString = 278200FB2505C13400C773EB;
			remoteInfo = KlipSDK;
		};
/* End PBXContainerItemProxy section */

/* Begin PBXCopyFilesBuildPhase section */
		2731F9AA250F10880018A7C0 /* Embed Frameworks */ = {
			isa = PBXCopyFilesBuildPhase;
			buildActionMask = 2147483647;
			dstPath = "";
			dstSubfolderSpec = 10;
			files = (
				2731F9A9250F10880018A7C0 /* KlipSDK.framework in Embed Frameworks */,
			);
			name = "Embed Frameworks";
			runOnlyForDeploymentPostprocessing = 0;
		};
/* End PBXCopyFilesBuildPhase section */

/* Begin PBXFileReference section */
		27100280250705DC00339A04 /* KlipSDK-Sample.app */ = {isa = PBXFileReference; explicitFileType = wrapper.application; includeInIndex = 0; path = "KlipSDK-Sample.app"; sourceTree = BUILT_PRODUCTS_DIR; };
		27100283250705DC00339A04 /* AppDelegate.swift */ = {isa = PBXFileReference; lastKnownFileType = sourcecode.swift; path = AppDelegate.swift; sourceTree = "<group>"; };
		27100285250705DC00339A04 /* SceneDelegate.swift */ = {isa = PBXFileReference; lastKnownFileType = sourcecode.swift; path = SceneDelegate.swift; sourceTree = "<group>"; };
		27100287250705DC00339A04 /* ViewController.swift */ = {isa = PBXFileReference; lastKnownFileType = sourcecode.swift; path = ViewController.swift; sourceTree = "<group>"; };
		2710028A250705DC00339A04 /* Base */ = {isa = PBXFileReference; lastKnownFileType = file.storyboard; name = Base; path = Base.lproj/Main.storyboard; sourceTree = "<group>"; };
		2710028C250705DE00339A04 /* Assets.xcassets */ = {isa = PBXFileReference; lastKnownFileType = folder.assetcatalog; path = Assets.xcassets; sourceTree = "<group>"; };
		2710028F250705DE00339A04 /* Base */ = {isa = PBXFileReference; lastKnownFileType = file.storyboard; name = Base; path = Base.lproj/LaunchScreen.storyboard; sourceTree = "<group>"; };
		27100291250705DE00339A04 /* Info.plist */ = {isa = PBXFileReference; lastKnownFileType = text.plist.xml; path = Info.plist; sourceTree = "<group>"; };
		2710033A2508792C00339A04 /* LinkModalViewController.swift */ = {isa = PBXFileReference; lastKnownFileType = sourcecode.swift; path = LinkModalViewController.swift; sourceTree = "<group>"; };
		2710033C25088DDE00339A04 /* SendKlayModalViewController.swift */ = {isa = PBXFileReference; lastKnownFileType = sourcecode.swift; path = SendKlayModalViewController.swift; sourceTree = "<group>"; };
		2710033E2508970E00339A04 /* SendTokenModalViewController.swift */ = {isa = PBXFileReference; lastKnownFileType = sourcecode.swift; path = SendTokenModalViewController.swift; sourceTree = "<group>"; };
		271003402508973000339A04 /* SendCardModalViewController.swift */ = {isa = PBXFileReference; lastKnownFileType = sourcecode.swift; path = SendCardModalViewController.swift; sourceTree = "<group>"; };
		271003422508974000339A04 /* ContractExecutionModalViewController.swift */ = {isa = PBXFileReference; lastKnownFileType = sourcecode.swift; path = ContractExecutionModalViewController.swift; sourceTree = "<group>"; };
		2731F9A7250F10880018A7C0 /* KlipSDK.framework */ = {isa = PBXFileReference; explicitFileType = wrapper.framework; path = KlipSDK.framework; sourceTree = BUILT_PRODUCTS_DIR; };
		273FAE1425369DD000CE0EDF /* ErrorModalViewController.swift */ = {isa = PBXFileReference; lastKnownFileType = sourcecode.swift; path = ErrorModalViewController.swift; sourceTree = "<group>"; };
		27F6EF61250B644700E2744B /* KlipSDK.framework */ = {isa = PBXFileReference; lastKnownFileType = wrapper.framework; name = KlipSDK.framework; path = "../../../../Library/Developer/Xcode/DerivedData/KlipSDK-aedxnnptrbrqlpcppwqyebdrvnpo/Build/Products/Dev-iphonesimulator/KlipSDK.framework"; sourceTree = "<group>"; };
		27FC50582509EFD5009098AA /* GetResultModalViewController.swift */ = {isa = PBXFileReference; lastKnownFileType = sourcecode.swift; path = GetResultModalViewController.swift; sourceTree = "<group>"; };
		27FC5062250A22CE009098AA /* GetCardListModalViewController.swift */ = {isa = PBXFileReference; lastKnownFileType = sourcecode.swift; path = GetCardListModalViewController.swift; sourceTree = "<group>"; };
		27FC5064250A279F009098AA /* GetCardListResultViewController.swift */ = {isa = PBXFileReference; lastKnownFileType = sourcecode.swift; path = GetCardListResultViewController.swift; sourceTree = "<group>"; };
		C3FF591F251292F400C6F0D0 /* KlipSDK.xcodeproj */ = {isa = PBXFileReference; lastKnownFileType = "wrapper.pb-project"; name = KlipSDK.xcodeproj; path = ../KlipSDK.xcodeproj; sourceTree = "<group>"; };
/* End PBXFileReference section */

/* Begin PBXFrameworksBuildPhase section */
		2710027D250705DC00339A04 /* Frameworks */ = {
			isa = PBXFrameworksBuildPhase;
			buildActionMask = 2147483647;
			files = (
				2731F9A8250F10880018A7C0 /* KlipSDK.framework in Frameworks */,
			);
			runOnlyForDeploymentPostprocessing = 0;
		};
/* End PBXFrameworksBuildPhase section */

/* Begin PBXGroup section */
		27100277250705DC00339A04 = {
			isa = PBXGroup;
			children = (
				C3FF591F251292F400C6F0D0 /* KlipSDK.xcodeproj */,
				27F6EF61250B644700E2744B /* KlipSDK.framework */,
				27100282250705DC00339A04 /* KlipSDK-Sample */,
				27100281250705DC00339A04 /* Products */,
				27FC50D1250AA7FC009098AA /* Frameworks */,
			);
			sourceTree = "<group>";
		};
		27100281250705DC00339A04 /* Products */ = {
			isa = PBXGroup;
			children = (
				27100280250705DC00339A04 /* KlipSDK-Sample.app */,
			);
			name = Products;
			sourceTree = "<group>";
		};
		27100282250705DC00339A04 /* KlipSDK-Sample */ = {
			isa = PBXGroup;
			children = (
				27100283250705DC00339A04 /* AppDelegate.swift */,
				27100285250705DC00339A04 /* SceneDelegate.swift */,
				27100287250705DC00339A04 /* ViewController.swift */,
				27100289250705DC00339A04 /* Main.storyboard */,
				2710028C250705DE00339A04 /* Assets.xcassets */,
				2710028E250705DE00339A04 /* LaunchScreen.storyboard */,
				27100291250705DE00339A04 /* Info.plist */,
				2710033A2508792C00339A04 /* LinkModalViewController.swift */,
				2710033C25088DDE00339A04 /* SendKlayModalViewController.swift */,
				2710033E2508970E00339A04 /* SendTokenModalViewController.swift */,
				271003402508973000339A04 /* SendCardModalViewController.swift */,
				271003422508974000339A04 /* ContractExecutionModalViewController.swift */,
				27FC50582509EFD5009098AA /* GetResultModalViewController.swift */,
				27FC5062250A22CE009098AA /* GetCardListModalViewController.swift */,
				27FC5064250A279F009098AA /* GetCardListResultViewController.swift */,
				273FAE1425369DD000CE0EDF /* ErrorModalViewController.swift */,
			);
			path = "KlipSDK-Sample";
			sourceTree = "<group>";
		};
		27FC50D1250AA7FC009098AA /* Frameworks */ = {
			isa = PBXGroup;
			children = (
				2731F9A7250F10880018A7C0 /* KlipSDK.framework */,
			);
			name = Frameworks;
			sourceTree = "<group>";
		};
		C3FF5920251292F400C6F0D0 /* Products */ = {
			isa = PBXGroup;
			children = (
				C3FF5924251292F400C6F0D0 /* KlipSDK.framework */,
			);
			name = Products;
			sourceTree = "<group>";
		};
/* End PBXGroup section */

/* Begin PBXNativeTarget section */
		2710027F250705DC00339A04 /* KlipSDK-Sample */ = {
			isa = PBXNativeTarget;
			buildConfigurationList = 27100294250705DE00339A04 /* Build configuration list for PBXNativeTarget "KlipSDK-Sample" */;
			buildPhases = (
				2710027C250705DC00339A04 /* Sources */,
				2710027D250705DC00339A04 /* Frameworks */,
				2710027E250705DC00339A04 /* Resources */,
				2731F9AA250F10880018A7C0 /* Embed Frameworks */,
			);
			buildRules = (
			);
			dependencies = (
				C3FF59262512930000C6F0D0 /* PBXTargetDependency */,
			);
			name = "KlipSDK-Sample";
			productName = "KlipSDK-Sample";
			productReference = 27100280250705DC00339A04 /* KlipSDK-Sample.app */;
			productType = "com.apple.product-type.application";
		};
/* End PBXNativeTarget section */

/* Begin PBXProject section */
		27100278250705DC00339A04 /* Project object */ = {
			isa = PBXProject;
			attributes = {
				LastSwiftUpdateCheck = 1170;
				LastUpgradeCheck = 1170;
				ORGANIZATIONNAME = "Ground1 Corp";
				TargetAttributes = {
					2710027F250705DC00339A04 = {
						CreatedOnToolsVersion = 11.7;
					};
				};
			};
			buildConfigurationList = 2710027B250705DC00339A04 /* Build configuration list for PBXProject "KlipSDK-Sample" */;
			compatibilityVersion = "Xcode 9.3";
			developmentRegion = en;
			hasScannedForEncodings = 0;
			knownRegions = (
				en,
				Base,
			);
			mainGroup = 27100277250705DC00339A04;
			productRefGroup = 27100281250705DC00339A04 /* Products */;
			projectDirPath = "";
			projectReferences = (
				{
					ProductGroup = C3FF5920251292F400C6F0D0 /* Products */;
					ProjectRef = C3FF591F251292F400C6F0D0 /* KlipSDK.xcodeproj */;
				},
			);
			projectRoot = "";
			targets = (
				2710027F250705DC00339A04 /* KlipSDK-Sample */,
			);
		};
/* End PBXProject section */

/* Begin PBXReferenceProxy section */
		C3FF5924251292F400C6F0D0 /* KlipSDK.framework */ = {
			isa = PBXReferenceProxy;
			fileType = wrapper.framework;
			path = KlipSDK.framework;
			remoteRef = C3FF5923251292F400C6F0D0 /* PBXContainerItemProxy */;
			sourceTree = BUILT_PRODUCTS_DIR;
		};
/* End PBXReferenceProxy section */

/* Begin PBXResourcesBuildPhase section */
		2710027E250705DC00339A04 /* Resources */ = {
			isa = PBXResourcesBuildPhase;
			buildActionMask = 2147483647;
			files = (
				27100290250705DE00339A04 /* LaunchScreen.storyboard in Resources */,
				2710028D250705DE00339A04 /* Assets.xcassets in Resources */,
				2710028B250705DC00339A04 /* Main.storyboard in Resources */,
			);
			runOnlyForDeploymentPostprocessing = 0;
		};
/* End PBXResourcesBuildPhase section */

/* Begin PBXSourcesBuildPhase section */
		2710027C250705DC00339A04 /* Sources */ = {
			isa = PBXSourcesBuildPhase;
			buildActionMask = 2147483647;
			files = (
				271003432508974000339A04 /* ContractExecutionModalViewController.swift in Sources */,
				27100288250705DC00339A04 /* ViewController.swift in Sources */,
				27100284250705DC00339A04 /* AppDelegate.swift in Sources */,
				27FC5065250A279F009098AA /* GetCardListResultViewController.swift in Sources */,
				2710033F2508970E00339A04 /* SendTokenModalViewController.swift in Sources */,
				27100286250705DC00339A04 /* SceneDelegate.swift in Sources */,
				271003412508973000339A04 /* SendCardModalViewController.swift in Sources */,
				27FC50592509EFD5009098AA /* GetResultModalViewController.swift in Sources */,
				27FC5063250A22CE009098AA /* GetCardListModalViewController.swift in Sources */,
				273FAE1525369DD000CE0EDF /* ErrorModalViewController.swift in Sources */,
				2710033B2508792C00339A04 /* LinkModalViewController.swift in Sources */,
				2710033D25088DDE00339A04 /* SendKlayModalViewController.swift in Sources */,
			);
			runOnlyForDeploymentPostprocessing = 0;
		};
/* End PBXSourcesBuildPhase section */

/* Begin PBXTargetDependency section */
		C3FF59262512930000C6F0D0 /* PBXTargetDependency */ = {
			isa = PBXTargetDependency;
			name = KlipSDK;
			targetProxy = C3FF59252512930000C6F0D0 /* PBXContainerItemProxy */;
		};
/* End PBXTargetDependency section */

/* Begin PBXVariantGroup section */
		27100289250705DC00339A04 /* Main.storyboard */ = {
			isa = PBXVariantGroup;
			children = (
				2710028A250705DC00339A04 /* Base */,
			);
			name = Main.storyboard;
			sourceTree = "<group>";
		};
		2710028E250705DE00339A04 /* LaunchScreen.storyboard */ = {
			isa = PBXVariantGroup;
			children = (
				2710028F250705DE00339A04 /* Base */,
			);
			name = LaunchScreen.storyboard;
			sourceTree = "<group>";
		};
/* End PBXVariantGroup section */

/* Begin XCBuildConfiguration section */
		27100292250705DE00339A04 /* Debug */ = {
			isa = XCBuildConfiguration;
			buildSettings = {
				ALWAYS_SEARCH_USER_PATHS = NO;
				CLANG_ANALYZER_NONNULL = YES;
				CLANG_ANALYZER_NUMBER_OBJECT_CONVERSION = YES_AGGRESSIVE;
				CLANG_CXX_LANGUAGE_STANDARD = "gnu++14";
				CLANG_CXX_LIBRARY = "libc++";
				CLANG_ENABLE_MODULES = YES;
				CLANG_ENABLE_OBJC_ARC = YES;
				CLANG_ENABLE_OBJC_WEAK = YES;
				CLANG_WARN_BLOCK_CAPTURE_AUTORELEASING = YES;
				CLANG_WARN_BOOL_CONVERSION = YES;
				CLANG_WARN_COMMA = YES;
				CLANG_WARN_CONSTANT_CONVERSION = YES;
				CLANG_WARN_DEPRECATED_OBJC_IMPLEMENTATIONS = YES;
				CLANG_WARN_DIRECT_OBJC_ISA_USAGE = YES_ERROR;
				CLANG_WARN_DOCUMENTATION_COMMENTS = YES;
				CLANG_WARN_EMPTY_BODY = YES;
				CLANG_WARN_ENUM_CONVERSION = YES;
				CLANG_WARN_INFINITE_RECURSION = YES;
				CLANG_WARN_INT_CONVERSION = YES;
				CLANG_WARN_NON_LITERAL_NULL_CONVERSION = YES;
				CLANG_WARN_OBJC_IMPLICIT_RETAIN_SELF = YES;
				CLANG_WARN_OBJC_LITERAL_CONVERSION = YES;
				CLANG_WARN_OBJC_ROOT_CLASS = YES_ERROR;
				CLANG_WARN_RANGE_LOOP_ANALYSIS = YES;
				CLANG_WARN_STRICT_PROTOTYPES = YES;
				CLANG_WARN_SUSPICIOUS_MOVE = YES;
				CLANG_WARN_UNGUARDED_AVAILABILITY = YES_AGGRESSIVE;
				CLANG_WARN_UNREACHABLE_CODE = YES;
				CLANG_WARN__DUPLICATE_METHOD_MATCH = YES;
				COPY_PHASE_STRIP = NO;
				DEBUG_INFORMATION_FORMAT = dwarf;
				ENABLE_STRICT_OBJC_MSGSEND = YES;
				ENABLE_TESTABILITY = YES;
				GCC_C_LANGUAGE_STANDARD = gnu11;
				GCC_DYNAMIC_NO_PIC = NO;
				GCC_NO_COMMON_BLOCKS = YES;
				GCC_OPTIMIZATION_LEVEL = 0;
				GCC_PREPROCESSOR_DEFINITIONS = (
					"DEBUG=1",
					"$(inherited)",
				);
				GCC_WARN_64_TO_32_BIT_CONVERSION = YES;
				GCC_WARN_ABOUT_RETURN_TYPE = YES_ERROR;
				GCC_WARN_UNDECLARED_SELECTOR = YES;
				GCC_WARN_UNINITIALIZED_AUTOS = YES_AGGRESSIVE;
				GCC_WARN_UNUSED_FUNCTION = YES;
				GCC_WARN_UNUSED_VARIABLE = YES;
				INFOPLIST_FILE = "KlipSDK-Sample/Info.plist";
				IPHONEOS_DEPLOYMENT_TARGET = 12.0;
				MTL_ENABLE_DEBUG_INFO = INCLUDE_SOURCE;
				MTL_FAST_MATH = YES;
				ONLY_ACTIVE_ARCH = NO;
				SDKROOT = iphoneos;
				SWIFT_ACTIVE_COMPILATION_CONDITIONS = DEBUG;
				SWIFT_OPTIMIZATION_LEVEL = "-Onone";
			};
			name = Debug;
		};
		27100293250705DE00339A04 /* Release */ = {
			isa = XCBuildConfiguration;
			buildSettings = {
				ALWAYS_SEARCH_USER_PATHS = NO;
				CLANG_ANALYZER_NONNULL = YES;
				CLANG_ANALYZER_NUMBER_OBJECT_CONVERSION = YES_AGGRESSIVE;
				CLANG_CXX_LANGUAGE_STANDARD = "gnu++14";
				CLANG_CXX_LIBRARY = "libc++";
				CLANG_ENABLE_MODULES = YES;
				CLANG_ENABLE_OBJC_ARC = YES;
				CLANG_ENABLE_OBJC_WEAK = YES;
				CLANG_WARN_BLOCK_CAPTURE_AUTORELEASING = YES;
				CLANG_WARN_BOOL_CONVERSION = YES;
				CLANG_WARN_COMMA = YES;
				CLANG_WARN_CONSTANT_CONVERSION = YES;
				CLANG_WARN_DEPRECATED_OBJC_IMPLEMENTATIONS = YES;
				CLANG_WARN_DIRECT_OBJC_ISA_USAGE = YES_ERROR;
				CLANG_WARN_DOCUMENTATION_COMMENTS = YES;
				CLANG_WARN_EMPTY_BODY = YES;
				CLANG_WARN_ENUM_CONVERSION = YES;
				CLANG_WARN_INFINITE_RECURSION = YES;
				CLANG_WARN_INT_CONVERSION = YES;
				CLANG_WARN_NON_LITERAL_NULL_CONVERSION = YES;
				CLANG_WARN_OBJC_IMPLICIT_RETAIN_SELF = YES;
				CLANG_WARN_OBJC_LITERAL_CONVERSION = YES;
				CLANG_WARN_OBJC_ROOT_CLASS = YES_ERROR;
				CLANG_WARN_RANGE_LOOP_ANALYSIS = YES;
				CLANG_WARN_STRICT_PROTOTYPES = YES;
				CLANG_WARN_SUSPICIOUS_MOVE = YES;
				CLANG_WARN_UNGUARDED_AVAILABILITY = YES_AGGRESSIVE;
				CLANG_WARN_UNREACHABLE_CODE = YES;
				CLANG_WARN__DUPLICATE_METHOD_MATCH = YES;
				COPY_PHASE_STRIP = NO;
				DEBUG_INFORMATION_FORMAT = "dwarf-with-dsym";
				ENABLE_NS_ASSERTIONS = NO;
				ENABLE_STRICT_OBJC_MSGSEND = YES;
				GCC_C_LANGUAGE_STANDARD = gnu11;
				GCC_NO_COMMON_BLOCKS = YES;
				GCC_WARN_64_TO_32_BIT_CONVERSION = YES;
				GCC_WARN_ABOUT_RETURN_TYPE = YES_ERROR;
				GCC_WARN_UNDECLARED_SELECTOR = YES;
				GCC_WARN_UNINITIALIZED_AUTOS = YES_AGGRESSIVE;
				GCC_WARN_UNUSED_FUNCTION = YES;
				GCC_WARN_UNUSED_VARIABLE = YES;
				INFOPLIST_FILE = "KlipSDK-Sample/Info.plist";
				IPHONEOS_DEPLOYMENT_TARGET = 12.0;
				MTL_ENABLE_DEBUG_INFO = NO;
				MTL_FAST_MATH = YES;
				SDKROOT = iphoneos;
				SWIFT_COMPILATION_MODE = wholemodule;
				SWIFT_OPTIMIZATION_LEVEL = "-O";
				VALIDATE_PRODUCT = YES;
			};
			name = Release;
		};
		27100295250705DE00339A04 /* Debug */ = {
			isa = XCBuildConfiguration;
			buildSettings = {
				ASSETCATALOG_COMPILER_APPICON_NAME = AppIcon;
				CODE_SIGN_IDENTITY = "iPhone Distribution";
				CODE_SIGN_STYLE = Manual;
				CURRENT_PROJECT_VERSION = 11;
				DEVELOPMENT_TEAM = KVQ3SYH7AU;
				FRAMEWORK_SEARCH_PATHS = (
					"$(inherited)",
					"$(SDKROOT)/../../../../../../../../../Users/conan/Library/Developer/Xcode/DerivedData/KlipSDK-aedxnnptrbrqlpcppwqyebdrvnpo/Build/Products/Debug-iphonesimulator",
					"$(PROJECT_DIR)",
				);
				INFOPLIST_FILE = "KlipSDK-Sample/Info.plist";
				IPHONEOS_DEPLOYMENT_TARGET = 13.0;
				LD_RUNPATH_SEARCH_PATHS = (
					"$(inherited)",
					"@executable_path/Frameworks",
				);
				MARKETING_VERSION = 2.0.0;
				PRODUCT_BUNDLE_IDENTIFIER = com.klipwallet.app2app.sample;
				PRODUCT_NAME = "$(TARGET_NAME)";
				PROVISIONING_PROFILE_SPECIFIER = "KlipSDK Sample";
				SWIFT_VERSION = 5.0;
				TARGETED_DEVICE_FAMILY = "1,2";
				VALID_ARCHS = "armv7 armv7s arm64e arm64";
			};
			name = Debug;
		};
		27100296250705DE00339A04 /* Release */ = {
			isa = XCBuildConfiguration;
			buildSettings = {
				ASSETCATALOG_COMPILER_APPICON_NAME = AppIcon;
				CODE_SIGN_IDENTITY = "iPhone Distribution";
				CODE_SIGN_STYLE = Manual;
				CURRENT_PROJECT_VERSION = 11;
				DEVELOPMENT_TEAM = KVQ3SYH7AU;
				FRAMEWORK_SEARCH_PATHS = (
					"$(inherited)",
					"$(SDKROOT)/../../../../../../../../../Users/conan/Library/Developer/Xcode/DerivedData/KlipSDK-aedxnnptrbrqlpcppwqyebdrvnpo/Build/Products/Debug-iphonesimulator",
					"$(PROJECT_DIR)",
				);
				INFOPLIST_FILE = "KlipSDK-Sample/Info.plist";
				IPHONEOS_DEPLOYMENT_TARGET = 13.0;
				LD_RUNPATH_SEARCH_PATHS = (
					"$(inherited)",
					"@executable_path/Frameworks",
				);
				MARKETING_VERSION = 2.0.0;
				PRODUCT_BUNDLE_IDENTIFIER = com.klipwallet.app2app.sample;
				PRODUCT_NAME = "$(TARGET_NAME)";
				PROVISIONING_PROFILE_SPECIFIER = "KlipSDK Sample";
				SWIFT_VERSION = 5.0;
				TARGETED_DEVICE_FAMILY = "1,2";
				VALID_ARCHS = "armv7 armv7s arm64e arm64";
			};
			name = Release;
		};
/* End XCBuildConfiguration section */

/* Begin XCConfigurationList section */
		2710027B250705DC00339A04 /* Build configuration list for PBXProject "KlipSDK-Sample" */ = {
			isa = XCConfigurationList;
			buildConfigurations = (
				27100292250705DE00339A04 /* Debug */,
				27100293250705DE00339A04 /* Release */,
			);
			defaultConfigurationIsVisible = 0;
			defaultConfigurationName = Release;
		};
		27100294250705DE00339A04 /* Build configuration list for PBXNativeTarget "KlipSDK-Sample" */ = {
			isa = XCConfigurationList;
			buildConfigurations = (
				27100295250705DE00339A04 /* Debug */,
				27100296250705DE00339A04 /* Release */,
			);
			defaultConfigurationIsVisible = 0;
			defaultConfigurationName = Release;
		};
/* End XCConfigurationList section */
	};
	rootObject = 27100278250705DC00339A04 /* Project object */;
}
